
Microsoft Visual Studio Solution File, Format Version 12.00
# Visual Studio Version 16
VisualStudioVersion = 16.0.30413.136
MinimumVisualStudioVersion = 10.0.40219.1
Project("{9A19103F-16F7-4668-BE54-9A1E7A4F7556}") = "SiteWatch", "SiteWatch\SiteWatch.csproj", "{0AE0D1A3-6892-465E-986A-E2BA05AA3827}"
EndProject
Global
	GlobalSection(SolutionConfigurationPlatforms) = preSolution
		Debug|Any CPU = Debug|Any CPU
		Release|Any CPU = Release|Any CPU
	EndGlobalSection
	GlobalSection(ProjectConfigurationPlatforms) = postSolution
		{0AE0D1A3-6892-465E-986A-E2BA05AA3827}.Debug|Any CPU.ActiveCfg = Debug|Any CPU
		{0AE0D1A3-6892-465E-986A-E2BA05AA3827}.Debug|Any CPU.Build.0 = Debug|Any CPU
		{0AE0D1A3-6892-465E-986A-E2BA05AA3827}.Release|Any CPU.ActiveCfg = Release|Any CPU
		{0AE0D1A3-6892-465E-986A-E2BA05AA3827}.Release|Any CPU.Build.0 = Release|Any CPU
	EndGlobalSection
	GlobalSection(SolutionProperties) = preSolution
		HideSolutionNode = FALSE
	EndGlobalSection
	GlobalSection(ExtensibilityGlobals) = postSolution
		SolutionGuid = {1AD1E728-EC43-42D1-B38E-0C06A93438B2}
	EndGlobalSection
EndGlobal
